// !$*UTF8*$!
{
	archiveVersion = 1;
	classes = {
	};
	objectVersion = 46;
	objects = {

/* Begin PBXBuildFile section */
		1F993FDB1DB94E6E0020ADA9 /* AppDelegate.swift in Sources */ = {isa = PBXBuildFile; fileRef = 1F993FDA1DB94E6E0020ADA9 /* AppDelegate.swift */; };
		1F993FDD1DB94E6E0020ADA9 /* ViewController.swift in Sources */ = {isa = PBXBuildFile; fileRef = 1F993FDC1DB94E6E0020ADA9 /* ViewController.swift */; };
		1F993FE01DB94E6E0020ADA9 /* Main.storyboard in Resources */ = {isa = PBXBuildFile; fileRef = 1F993FDE1DB94E6E0020ADA9 /* Main.storyboard */; };
		1F993FE31DB94E6E0020ADA9 /* CarsCollector.xcdatamodeld in Sources */ = {isa = PBXBuildFile; fileRef = 1F993FE11DB94E6E0020ADA9 /* CarsCollector.xcdatamodeld */; };
		1F993FE51DB94E6E0020ADA9 /* Assets.xcassets in Resources */ = {isa = PBXBuildFile; fileRef = 1F993FE41DB94E6E0020ADA9 /* Assets.xcassets */; };
		1F993FE81DB94E6E0020ADA9 /* LaunchScreen.storyboard in Resources */ = {isa = PBXBuildFile; fileRef = 1F993FE61DB94E6E0020ADA9 /* LaunchScreen.storyboard */; };
/* End PBXBuildFile section */

/* Begin PBXFileReference section */
		1F993FD71DB94E6E0020ADA9 /* CarsCollector.app */ = {isa = PBXFileReference; explicitFileType = wrapper.application; includeInIndex = 0; path = CarsCollector.app; sourceTree = BUILT_PRODUCTS_DIR; };
		1F993FDA1DB94E6E0020ADA9 /* AppDelegate.swift */ = {isa = PBXFileReference; lastKnownFileType = sourcecode.swift; path = AppDelegate.swift; sourceTree = "<group>"; };
		1F993FDC1DB94E6E0020ADA9 /* ViewController.swift */ = {isa = PBXFileReference; lastKnownFileType = sourcecode.swift; path = ViewController.swift; sourceTree = "<group>"; };
		1F993FDF1DB94E6E0020ADA9 /* Base */ = {isa = PBXFileReference; lastKnownFileType = file.storyboard; name = Base; path = Base.lproj/Main.storyboard; sourceTree = "<group>"; };
		1F993FE21DB94E6E0020ADA9 /* CarsCollector.xcdatamodel */ = {isa = PBXFileReference; lastKnownFileType = wrapper.xcdatamodel; path = CarsCollector.xcdatamodel; sourceTree = "<group>"; };
		1F993FE41DB94E6E0020ADA9 /* Assets.xcassets */ = {isa = PBXFileReference; lastKnownFileType = folder.assetcatalog; path = Assets.xcassets; sourceTree = "<group>"; };
		1F993FE71DB94E6E0020ADA9 /* Base */ = {isa = PBXFileReference; lastKnownFileType = file.storyboard; name = Base; path = Base.lproj/LaunchScreen.storyboard; sourceTree = "<group>"; };
		1F993FE91DB94E6E0020ADA9 /* Info.plist */ = {isa = PBXFileReference; lastKnownFileType = text.plist.xml; path = Info.plist; sourceTree = "<group>"; };
/* End PBXFileReference section */

/* Begin PBXFrameworksBuildPhase section */
		1F993FD41DB94E6E0020ADA9 /* Frameworks */ = {
			isa = PBXFrameworksBuildPhase;
			buildActionMask = 2147483647;
			files = (
			);
			runOnlyForDeploymentPostprocessing = 0;
		};
/* End PBXFrameworksBuildPhase section */

/* Begin PBXGroup section */
		1F993FCE1DB94E6D0020ADA9 = {
			isa = PBXGroup;
			children = (
				1F993FD91DB94E6E0020ADA9 /* CarsCollector */,
				1F993FD81DB94E6E0020ADA9 /* Products */,
			);
			sourceTree = "<group>";
		};
		1F993FD81DB94E6E0020ADA9 /* Products */ = {
			isa = PBXGroup;
			children = (
				1F993FD71DB94E6E0020ADA9 /* CarsCollector.app */,
			);
			name = Products;
			sourceTree = "<group>";
		};
		1F993FD91DB94E6E0020ADA9 /* CarsCollector */ = {
			isa = PBXGroup;
			children = (
				1F993FDA1DB94E6E0020ADA9 /* AppDelegate.swift */,
				1F993FDC1DB94E6E0020ADA9 /* ViewController.swift */,
				1F993FDE1DB94E6E0020ADA9 /* Main.storyboard */,
				1F993FE41DB94E6E0020ADA9 /* Assets.xcassets */,
				1F993FE61DB94E6E0020ADA9 /* LaunchScreen.storyboard */,
				1F993FE91DB94E6E0020ADA9 /* Info.plist */,
				1F993FE11DB94E6E0020ADA9 /* CarsCollector.xcdatamodeld */,
			);
			path = CarsCollector;
			sourceTree = "<group>";
		};
/* End PBXGroup section */

/* Begin PBXNativeTarget section */
		1F993FD61DB94E6E0020ADA9 /* CarsCollector */ = {
			isa = PBXNativeTarget;
			buildConfigurationList = 1F993FEC1DB94E6E0020ADA9 /* Build configuration list for PBXNativeTarget "CarsCollector" */;
			buildPhases = (
				1F993FD31DB94E6E0020ADA9 /* Sources */,
				1F993FD41DB94E6E0020ADA9 /* Frameworks */,
				1F993FD51DB94E6E0020ADA9 /* Resources */,
			);
			buildRules = (
			);
			dependencies = (
			);
			name = CarsCollector;
			productName = CarsCollector;
			productReference = 1F993FD71DB94E6E0020ADA9 /* CarsCollector.app */;
			productType = "com.apple.product-type.application";
		};
/* End PBXNativeTarget section */

/* Begin PBXProject section */
		1F993FCF1DB94E6D0020ADA9 /* Project object */ = {
			isa = PBXProject;
			attributes = {
				LastSwiftUpdateCheck = 0800;
				LastUpgradeCheck = 0800;
				ORGANIZATIONNAME = "Catarxis Technologies";
				TargetAttributes = {
					1F993FD61DB94E6E0020ADA9 = {
						CreatedOnToolsVersion = 8.0;
						DevelopmentTeam = 7T5BQHD6VQ;
						ProvisioningStyle = Automatic;
					};
				};
			};
			buildConfigurationList = 1F993FD21DB94E6D0020ADA9 /* Build configuration list for PBXProject "CarsCollector" */;
			compatibilityVersion = "Xcode 3.2";
			developmentRegion = English;
			hasScannedForEncodings = 0;
			knownRegions = (
				en,
				Base,
			);
			mainGroup = 1F993FCE1DB94E6D0020ADA9;
			productRefGroup = 1F993FD81DB94E6E0020ADA9 /* Products */;
			projectDirPath = "";
			projectRoot = "";
			targets = (
				1F993FD61DB94E6E0020ADA9 /* CarsCollector */,
			);
		};
/* End PBXProject section */

/* Begin PBXResourcesBuildPhase section */
		1F993FD51DB94E6E0020ADA9 /* Resources */ = {
			isa = PBXResourcesBuildPhase;
			buildActionMask = 2147483647;
			files = (
				1F993FE81DB94E6E0020ADA9 /* LaunchScreen.storyboard in Resources */,
				1F993FE51DB94E6E0020ADA9 /* Assets.xcassets in Resources */,
				1F993FE01DB94E6E0020ADA9 /* Main.storyboard in Resources */,
			);
			runOnlyForDeploymentPostprocessing = 0;
		};
/* End PBXResourcesBuildPhase section */

/* Begin PBXSourcesBuildPhase section */
		1F993FD31DB94E6E0020ADA9 /* Sources */ = {
			isa = PBXSourcesBuildPhase;
			buildActionMask = 2147483647;
			files = (
				1F993FDD1DB94E6E0020ADA9 /* ViewController.swift in Sources */,
				1F993FE31DB94E6E0020ADA9 /* CarsCollector.xcdatamodeld in Sources */,
				1F993FDB1DB94E6E0020ADA9 /* AppDelegate.swift in Sources */,
			);
			runOnlyForDeploymentPostprocessing = 0;
		};
/* End PBXSourcesBuildPhase section */

/* Begin PBXVariantGroup section */
		1F993FDE1DB94E6E0020ADA9 /* Main.storyboard */ = {
			isa = PBXVariantGroup;
			children = (
				1F993FDF1DB94E6E0020ADA9 /* Base */,
			);
			name = Main.storyboard;
			sourceTree = "<group>";
		};
		1F993FE61DB94E6E0020ADA9 /* LaunchScreen.storyboard */ = {
			isa = PBXVariantGroup;
			children = (
				1F993FE71DB94E6E0020ADA9 /* Base */,
			);
			name = LaunchScreen.storyboard;
			sourceTree = "<group>";
		};
/* End PBXVariantGroup section */

/* Begin XCBuildConfiguration section */
		1F993FEA1DB94E6E0020ADA9 /* Debug */ = {
			isa = XCBuildConfiguration;
			buildSettings = {
				ALWAYS_SEARCH_USER_PATHS = NO;
				CLANG_ANALYZER_NONNULL = YES;
				CLANG_CXX_LANGUAGE_STANDARD = "gnu++0x";
				CLANG_CXX_LIBRARY = "libc++";
				CLANG_ENABLE_MODULES = YES;
				CLANG_ENABLE_OBJC_ARC = YES;
				CLANG_WARN_BOOL_CONVERSION = YES;
				CLANG_WARN_CONSTANT_CONVERSION = YES;
				CLANG_WARN_DIRECT_OBJC_ISA_USAGE = YES_ERROR;
				CLANG_WARN_DOCUMENTATION_COMMENTS = YES;
				CLANG_WARN_EMPTY_BODY = YES;
				CLANG_WARN_ENUM_CONVERSION = YES;
				CLANG_WARN_INFINITE_RECURSION = YES;
				CLANG_WARN_INT_CONVERSION = YES;
				CLANG_WARN_OBJC_ROOT_CLASS = YES_ERROR;
				CLANG_WARN_SUSPICIOUS_MOVES = YES;
				CLANG_WARN_UNREACHABLE_CODE = YES;
				CLANG_WARN__DUPLICATE_METHOD_MATCH = YES;
				"CODE_SIGN_IDENTITY[sdk=iphoneos*]" = "iPhone Developer";
				COPY_PHASE_STRIP = NO;
				DEBUG_INFORMATION_FORMAT = dwarf;
				ENABLE_STRICT_OBJC_MSGSEND = YES;
				ENABLE_TESTABILITY = YES;
				GCC_C_LANGUAGE_STANDARD = gnu99;
				GCC_DYNAMIC_NO_PIC = NO;
				GCC_NO_COMMON_BLOCKS = YES;
				GCC_OPTIMIZATION_LEVEL = 0;
				GCC_PREPROCESSOR_DEFINITIONS = (
					"DEBUG=1",
					"$(inherited)",
				);
				GCC_WARN_64_TO_32_BIT_CONVERSION = YES;
				GCC_WARN_ABOUT_RETURN_TYPE = YES_ERROR;
				GCC_WARN_UNDECLARED_SELECTOR = YES;
				GCC_WARN_UNINITIALIZED_AUTOS = YES_AGGRESSIVE;
				GCC_WARN_UNUSED_FUNCTION = YES;
				GCC_WARN_UNUSED_VARIABLE = YES;
				IPHONEOS_DEPLOYMENT_TARGET = 10.0;
				MTL_ENABLE_DEBUG_INFO = YES;
				ONLY_ACTIVE_ARCH = YES;
				SDKROOT = iphoneos;
				SWIFT_ACTIVE_COMPILATION_CONDITIONS = DEBUG;
				SWIFT_OPTIMIZATION_LEVEL = "-Onone";
				TARGETED_DEVICE_FAMILY = "1,2";
			};
			name = Debug;
		};
		1F993FEB1DB94E6E0020ADA9 /* Release */ = {
			isa = XCBuildConfiguration;
			buildSettings = {
				ALWAYS_SEARCH_USER_PATHS = NO;
				CLANG_ANALYZER_NONNULL = YES;
				CLANG_CXX_LANGUAGE_STANDARD = "gnu++0x";
				CLANG_CXX_LIBRARY = "libc++";
				CLANG_ENABLE_MODULES = YES;
				CLANG_ENABLE_OBJC_ARC = YES;
				CLANG_WARN_BOOL_CONVERSION = YES;
				CLANG_WARN_CONSTANT_CONVERSION = YES;
				CLANG_WARN_DIRECT_OBJC_ISA_USAGE = YES_ERROR;
				CLANG_WARN_DOCUMENTATION_COMMENTS = YES;
				CLANG_WARN_EMPTY_BODY = YES;
				CLANG_WARN_ENUM_CONVERSION = YES;
				CLANG_WARN_INFINITE_RECURSION = YES;
				CLANG_WARN_INT_CONVERSION = YES;
				CLANG_WARN_OBJC_ROOT_CLASS = YES_ERROR;
				CLANG_WARN_SUSPICIOUS_MOVES = YES;
				CLANG_WARN_UNREACHABLE_CODE = YES;
				CLANG_WARN__DUPLICATE_METHOD_MATCH = YES;
				"CODE_SIGN_IDENTITY[sdk=iphoneos*]" = "iPhone Developer";
				COPY_PHASE_STRIP = NO;
				DEBUG_INFORMATION_FORMAT = "dwarf-with-dsym";
				ENABLE_NS_ASSERTIONS = NO;
				ENABLE_STRICT_OBJC_MSGSEND = YES;
				GCC_C_LANGUAGE_STANDARD = gnu99;
				GCC_NO_COMMON_BLOCKS = YES;
				GCC_WARN_64_TO_32_BIT_CONVERSION = YES;
				GCC_WARN_ABOUT_RETURN_TYPE = YES_ERROR;
				GCC_WARN_UNDECLARED_SELECTOR = YES;
				GCC_WARN_UNINITIALIZED_AUTOS = YES_AGGRESSIVE;
				GCC_WARN_UNUSED_FUNCTION = YES;
				GCC_WARN_UNUSED_VARIABLE = YES;
				IPHONEOS_DEPLOYMENT_TARGET = 10.0;
				MTL_ENABLE_DEBUG_INFO = NO;
				SDKROOT = iphoneos;
				SWIFT_OPTIMIZATION_LEVEL = "-Owholemodule";
				TARGETED_DEVICE_FAMILY = "1,2";
				VALIDATE_PRODUCT = YES;
			};
			name = Release;
		};
		1F993FED1DB94E6E0020ADA9 /* Debug */ = {
			isa = XCBuildConfiguration;
			buildSettings = {
				ASSETCATALOG_COMPILER_APPICON_NAME = AppIcon;
				DEVELOPMENT_TEAM = 7T5BQHD6VQ;
				INFOPLIST_FILE = CarsCollector/Info.plist;
				LD_RUNPATH_SEARCH_PATHS = "$(inherited) @executable_path/Frameworks";
				PRODUCT_BUNDLE_IDENTIFIER = com.catarxis.CarsCollector;
				PRODUCT_NAME = "$(TARGET_NAME)";
				SWIFT_VERSION = 3.0;
			};
			name = Debug;
		};
		1F993FEE1DB94E6E0020ADA9 /* Release */ = {
			isa = XCBuildConfiguration;
			buildSettings = {
				ASSETCATALOG_COMPILER_APPICON_NAME = AppIcon;
				DEVELOPMENT_TEAM = 7T5BQHD6VQ;
				INFOPLIST_FILE = CarsCollector/Info.plist;
				LD_RUNPATH_SEARCH_PATHS = "$(inherited) @executable_path/Frameworks";
				PRODUCT_BUNDLE_IDENTIFIER = com.catarxis.CarsCollector;
				PRODUCT_NAME = "$(TARGET_NAME)";
				SWIFT_VERSION = 3.0;
			};
			name = Release;
		};
/* End XCBuildConfiguration section */

/* Begin XCConfigurationList section */
		1F993FD21DB94E6D0020ADA9 /* Build configuration list for PBXProject "CarsCollector" */ = {
			isa = XCConfigurationList;
			buildConfigurations = (
				1F993FEA1DB94E6E0020ADA9 /* Debug */,
				1F993FEB1DB94E6E0020ADA9 /* Release */,
			);
			defaultConfigurationIsVisible = 0;
			defaultConfigurationName = Release;
		};
		1F993FEC1DB94E6E0020ADA9 /* Build configuration list for PBXNativeTarget "CarsCollector" */ = {
			isa = XCConfigurationList;
			buildConfigurations = (
				1F993FED1DB94E6E0020ADA9 /* Debug */,
				1F993FEE1DB94E6E0020ADA9 /* Release */,
			);
			defaultConfigurationIsVisible = 0;
		};
/* End XCConfigurationList section */

/* Begin XCVersionGroup section */
		1F993FE11DB94E6E0020ADA9 /* CarsCollector.xcdatamodeld */ = {
			isa = XCVersionGroup;
			children = (
				1F993FE21DB94E6E0020ADA9 /* CarsCollector.xcdatamodel */,
			);
			currentVersion = 1F993FE21DB94E6E0020ADA9 /* CarsCollector.xcdatamodel */;
			path = CarsCollector.xcdatamodeld;
			sourceTree = "<group>";
			versionGroupType = wrapper.xcdatamodel;
		};
/* End XCVersionGroup section */
	};
	rootObject = 1F993FCF1DB94E6D0020ADA9 /* Project object */;
}
